
Microsoft Visual Studio Solution File, Format Version 12.00
# Visual Studio Version 17
VisualStudioVersion = 17.0.31903.59
MinimumVisualStudioVersion = 10.0.40219.1
Project("{2150E333-8FDC-42A3-9474-1A3956D46DE8}") = "src", "src", "{827E0CD3-B72D-47B6-A68D-7590B98EB39B}"
EndProject
Project("{FAE04EC0-301F-11D3-BF4B-00C04F79EFBC}") = "NanoPic.App", "src\NanoPic.App\NanoPic.App.csproj", "{091257A0-DCBC-4693-B427-1375944B7978}"
EndProject
Project("{FAE04EC0-301F-11D3-BF4B-00C04F79EFBC}") = "NanoPic.Core", "src\NanoPic.Core\NanoPic.Core.csproj", "{7A75F0E5-627E-4B2D-9D8B-8341220425BD}"
EndProject
Project("{FAE04EC0-301F-11D3-BF4B-00C04F79EFBC}") = "NanoPic.Codecs", "src\NanoPic.Codecs\NanoPic.Codecs.csproj", "{C018C0EC-2F78-4FD0-995A-0BF55C6BCAB3}"
EndProject
Project("{FAE04EC0-301F-11D3-BF4B-00C04F79EFBC}") = "NanoPic.Infrastructure", "src\NanoPic.Infrastructure\NanoPic.Infrastructure.csproj", "{84E33B7C-7E47-451C-93F6-E492035A8157}"
EndProject
Project("{2150E333-8FDC-42A3-9474-1A3956D46DE8}") = "tests", "tests", "{0AB3BF05-4346-4AA6-1389-037BE0695223}"
EndProject
Project("{FAE04EC0-301F-11D3-BF4B-00C04F79EFBC}") = "NanoPic.Core.Tests", "tests\NanoPic.Core.Tests\NanoPic.Core.Tests.csproj", "{AAE8C353-7DEE-435E-B525-01B363BF3467}"
EndProject
Project("{FAE04EC0-301F-11D3-BF4B-00C04F79EFBC}") = "NanoPic.Codecs.Tests", "tests\NanoPic.Codecs.Tests\NanoPic.Codecs.Tests.csproj", "{6872DAF1-15F0-4E8E-BD38-BD52B0C68769}"
EndProject
Project("{FAE04EC0-301F-11D3-BF4B-00C04F79EFBC}") = "NanoPic.IntegrationTests", "tests\NanoPic.IntegrationTests\NanoPic.IntegrationTests.csproj", "{0F42E031-E415-48F2-B53D-A4D05E8F8576}"
EndProject
Project("{FAE04EC0-301F-11D3-BF4B-00C04F79EFBC}") = "NanoPic.App.Tests", "tests\NanoPic.App.Tests\NanoPic.App.Tests.csproj", "{2B6D2036-9880-47AF-9693-19ED8FE44BA1}"
EndProject
Project("{FAE04EC0-301F-11D3-BF4B-00C04F79EFBC}") = "NanoPic.DifferentialTests", "tests\NanoPic.DifferentialTests\NanoPic.DifferentialTests.csproj", "{AED0D4F7-5550-49B0-BFE7-FACAC86EDB42}"
EndProject
Global
	GlobalSection(SolutionConfigurationPlatforms) = preSolution
		Debug|Any CPU = Debug|Any CPU
		Debug|x64 = Debug|x64
		Debug|x86 = Debug|x86
		Release|Any CPU = Release|Any CPU
		Release|x64 = Release|x64
		Release|x86 = Release|x86
	EndGlobalSection
	GlobalSection(ProjectConfigurationPlatforms) = postSolution
		{091257A0-DCBC-4693-B427-1375944B7978}.Debug|Any CPU.ActiveCfg = Debug|Any CPU
		{091257A0-DCBC-4693-B427-1375944B7978}.Debug|Any CPU.Build.0 = Debug|Any CPU
		{091257A0-DCBC-4693-B427-1375944B7978}.Debug|x64.ActiveCfg = Debug|Any CPU
		{091257A0-DCBC-4693-B427-1375944B7978}.Debug|x64.Build.0 = Debug|Any CPU
		{091257A0-DCBC-4693-B427-1375944B7978}.Debug|x86.ActiveCfg = Debug|Any CPU
		{091257A0-DCBC-4693-B427-1375944B7978}.Debug|x86.Build.0 = Debug|Any CPU
		{091257A0-DCBC-4693-B427-1375944B7978}.Release|Any CPU.ActiveCfg = Release|Any CPU
		{091257A0-DCBC-4693-B427-1375944B7978}.Release|Any CPU.Build.0 = Release|Any CPU
		{091257A0-DCBC-4693-B427-1375944B7978}.Release|x64.ActiveCfg = Release|Any CPU
		{091257A0-DCBC-4693-B427-1375944B7978}.Release|x64.Build.0 = Release|Any CPU
		{091257A0-DCBC-4693-B427-1375944B7978}.Release|x86.ActiveCfg = Release|Any CPU
		{091257A0-DCBC-4693-B427-1375944B7978}.Release|x86.Build.0 = Release|Any CPU
		{7A75F0E5-627E-4B2D-9D8B-8341220425BD}.Debug|Any CPU.ActiveCfg = Debug|Any CPU
		{7A75F0E5-627E-4B2D-9D8B-8341220425BD}.Debug|Any CPU.Build.0 = Debug|Any CPU
		{7A75F0E5-627E-4B2D-9D8B-8341220425BD}.Debug|x64.ActiveCfg = Debug|Any CPU
		{7A75F0E5-627E-4B2D-9D8B-8341220425BD}.Debug|x64.Build.0 = Debug|Any CPU
		{7A75F0E5-627E-4B2D-9D8B-8341220425BD}.Debug|x86.ActiveCfg = Debug|Any CPU
		{7A75F0E5-627E-4B2D-9D8B-8341220425BD}.Debug|x86.Build.0 = Debug|Any CPU
		{7A75F0E5-627E-4B2D-9D8B-8341220425BD}.Release|Any CPU.ActiveCfg = Release|Any CPU
		{7A75F0E5-627E-4B2D-9D8B-8341220425BD}.Release|Any CPU.Build.0 = Release|Any CPU
		{7A75F0E5-627E-4B2D-9D8B-8341220425BD}.Release|x64.ActiveCfg = Release|Any CPU
		{7A75F0E5-627E-4B2D-9D8B-8341220425BD}.Release|x64.Build.0 = Release|Any CPU
		{7A75F0E5-627E-4B2D-9D8B-8341220425BD}.Release|x86.ActiveCfg = Release|Any CPU
		{7A75F0E5-627E-4B2D-9D8B-8341220425BD}.Release|x86.Build.0 = Release|Any CPU
		{C018C0EC-2F78-4FD0-995A-0BF55C6BCAB3}.Debug|Any CPU.ActiveCfg = Debug|Any CPU
		{C018C0EC-2F78-4FD0-995A-0BF55C6BCAB3}.Debug|Any CPU.Build.0 = Debug|Any CPU
		{C018C0EC-2F78-4FD0-995A-0BF55C6BCAB3}.Debug|x64.ActiveCfg = Debug|Any CPU
		{C018C0EC-2F78-4FD0-995A-0BF55C6BCAB3}.Debug|x64.Build.0 = Debug|Any CPU
		{C018C0EC-2F78-4FD0-995A-0BF55C6BCAB3}.Debug|x86.ActiveCfg = Debug|Any CPU
		{C018C0EC-2F78-4FD0-995A-0BF55C6BCAB3}.Debug|x86.Build.0 = Debug|Any CPU
		{C018C0EC-2F78-4FD0-995A-0BF55C6BCAB3}.Release|Any CPU.ActiveCfg = Release|Any CPU
		{C018C0EC-2F78-4FD0-995A-0BF55C6BCAB3}.Release|Any CPU.Build.0 = Release|Any CPU
		{C018C0EC-2F78-4FD0-995A-0BF55C6BCAB3}.Release|x64.ActiveCfg = Release|Any CPU
		{C018C0EC-2F78-4FD0-995A-0BF55C6BCAB3}.Release|x64.Build.0 = Release|Any CPU
		{C018C0EC-2F78-4FD0-995A-0BF55C6BCAB3}.Release|x86.ActiveCfg = Release|Any CPU
		{C018C0EC-2F78-4FD0-995A-0BF55C6BCAB3}.Release|x86.Build.0 = Release|Any CPU
		{84E33B7C-7E47-451C-93F6-E492035A8157}.Debug|Any CPU.ActiveCfg = Debug|Any CPU
		{84E33B7C-7E47-451C-93F6-E492035A8157}.Debug|Any CPU.Build.0 = Debug|Any CPU
		{84E33B7C-7E47-451C-93F6-E492035A8157}.Debug|x64.ActiveCfg = Debug|Any CPU
		{84E33B7C-7E47-451C-93F6-E492035A8157}.Debug|x64.Build.0 = Debug|Any CPU
		{84E33B7C-7E47-451C-93F6-E492035A8157}.Debug|x86.ActiveCfg = Debug|Any CPU
		{84E33B7C-7E47-451C-93F6-E492035A8157}.Debug|x86.Build.0 = Debug|Any CPU
		{84E33B7C-7E47-451C-93F6-E492035A8157}.Release|Any CPU.ActiveCfg = Release|Any CPU
		{84E33B7C-7E47-451C-93F6-E492035A8157}.Release|Any CPU.Build.0 = Release|Any CPU
		{84E33B7C-7E47-451C-93F6-E492035A8157}.Release|x64.ActiveCfg = Release|Any CPU
		{84E33B7C-7E47-451C-93F6-E492035A8157}.Release|x64.Build.0 = Release|Any CPU
		{84E33B7C-7E47-451C-93F6-E492035A8157}.Release|x86.ActiveCfg = Release|Any CPU
		{84E33B7C-7E47-451C-93F6-E492035A8157}.Release|x86.Build.0 = Release|Any CPU
		{AAE8C353-7DEE-435E-B525-01B363BF3467}.Debug|Any CPU.ActiveCfg = Debug|Any CPU
		{AAE8C353-7DEE-435E-B525-01B363BF3467}.Debug|Any CPU.Build.0 = Debug|Any CPU
		{AAE8C353-7DEE-435E-B525-01B363BF3467}.Debug|x64.ActiveCfg = Debug|Any CPU
		{AAE8C353-7DEE-435E-B525-01B363BF3467}.Debug|x64.Build.0 = Debug|Any CPU
		{AAE8C353-7DEE-435E-B525-01B363BF3467}.Debug|x86.ActiveCfg = Debug|Any CPU
		{AAE8C353-7DEE-435E-B525-01B363BF3467}.Debug|x86.Build.0 = Debug|Any CPU
		{AAE8C353-7DEE-435E-B525-01B363BF3467}.Release|Any CPU.ActiveCfg = Release|Any CPU
		{AAE8C353-7DEE-435E-B525-01B363BF3467}.Release|Any CPU.Build.0 = Release|Any CPU
		{AAE8C353-7DEE-435E-B525-01B363BF3467}.Release|x64.ActiveCfg = Release|Any CPU
		{AAE8C353-7DEE-435E-B525-01B363BF3467}.Release|x64.Build.0 = Release|Any CPU
		{AAE8C353-7DEE-435E-B525-01B363BF3467}.Release|x86.ActiveCfg = Release|Any CPU
		{AAE8C353-7DEE-435E-B525-01B363BF3467}.Release|x86.Build.0 = Release|Any CPU
		{6872DAF1-15F0-4E8E-BD38-BD52B0C68769}.Debug|Any CPU.ActiveCfg = Debug|Any CPU
		{6872DAF1-15F0-4E8E-BD38-BD52B0C68769}.Debug|Any CPU.Build.0 = Debug|Any CPU
		{6872DAF1-15F0-4E8E-BD38-BD52B0C68769}.Debug|x64.ActiveCfg = Debug|Any CPU
		{6872DAF1-15F0-4E8E-BD38-BD52B0C68769}.Debug|x64.Build.0 = Debug|Any CPU
		{6872DAF1-15F0-4E8E-BD38-BD52B0C68769}.Debug|x86.ActiveCfg = Debug|Any CPU
		{6872DAF1-15F0-4E8E-BD38-BD52B0C68769}.Debug|x86.Build.0 = Debug|Any CPU
		{6872DAF1-15F0-4E8E-BD38-BD52B0C68769}.Release|Any CPU.ActiveCfg = Release|Any CPU
		{6872DAF1-15F0-4E8E-BD38-BD52B0C68769}.Release|Any CPU.Build.0 = Release|Any CPU
		{6872DAF1-15F0-4E8E-BD38-BD52B0C68769}.Release|x64.ActiveCfg = Release|Any CPU
		{6872DAF1-15F0-4E8E-BD38-BD52B0C68769}.Release|x64.Build.0 = Release|Any CPU
		{6872DAF1-15F0-4E8E-BD38-BD52B0C68769}.Release|x86.ActiveCfg = Release|Any CPU
		{6872DAF1-15F0-4E8E-BD38-BD52B0C68769}.Release|x86.Build.0 = Release|Any CPU
		{0F42E031-E415-48F2-B53D-A4D05E8F8576}.Debug|Any CPU.ActiveCfg = Debug|Any CPU
		{0F42E031-E415-48F2-B53D-A4D05E8F8576}.Debug|Any CPU.Build.0 = Debug|Any CPU
		{0F42E031-E415-48F2-B53D-A4D05E8F8576}.Debug|x64.ActiveCfg = Debug|Any CPU
		{0F42E031-E415-48F2-B53D-A4D05E8F8576}.Debug|x64.Build.0 = Debug|Any CPU
		{0F42E031-E415-48F2-B53D-A4D05E8F8576}.Debug|x86.ActiveCfg = Debug|Any CPU
		{0F42E031-E415-48F2-B53D-A4D05E8F8576}.Debug|x86.Build.0 = Debug|Any CPU
		{0F42E031-E415-48F2-B53D-A4D05E8F8576}.Release|Any CPU.ActiveCfg = Release|Any CPU
		{0F42E031-E415-48F2-B53D-A4D05E8F8576}.Release|Any CPU.Build.0 = Release|Any CPU
		{0F42E031-E415-48F2-B53D-A4D05E8F8576}.Release|x64.ActiveCfg = Release|Any CPU
		{0F42E031-E415-48F2-B53D-A4D05E8F8576}.Release|x64.Build.0 = Release|Any CPU
		{0F42E031-E415-48F2-B53D-A4D05E8F8576}.Release|x86.ActiveCfg = Release|Any CPU
		{0F42E031-E415-48F2-B53D-A4D05E8F8576}.Release|x86.Build.0 = Release|Any CPU
		{2B6D2036-9880-47AF-9693-19ED8FE44BA1}.Debug|Any CPU.ActiveCfg = Debug|Any CPU
		{2B6D2036-9880-47AF-9693-19ED8FE44BA1}.Debug|Any CPU.Build.0 = Debug|Any CPU
		{2B6D2036-9880-47AF-9693-19ED8FE44BA1}.Debug|x64.ActiveCfg = Debug|Any CPU
		{2B6D2036-9880-47AF-9693-19ED8FE44BA1}.Debug|x64.Build.0 = Debug|Any CPU
		{2B6D2036-9880-47AF-9693-19ED8FE44BA1}.Debug|x86.ActiveCfg = Debug|Any CPU
		{2B6D2036-9880-47AF-9693-19ED8FE44BA1}.Debug|x86.Build.0 = Debug|Any CPU
		{2B6D2036-9880-47AF-9693-19ED8FE44BA1}.Release|Any CPU.ActiveCfg = Release|Any CPU
		{2B6D2036-9880-47AF-9693-19ED8FE44BA1}.Release|Any CPU.Build.0 = Release|Any CPU
		{2B6D2036-9880-47AF-9693-19ED8FE44BA1}.Release|x64.ActiveCfg = Release|Any CPU
		{2B6D2036-9880-47AF-9693-19ED8FE44BA1}.Release|x64.Build.0 = Release|Any CPU
		{2B6D2036-9880-47AF-9693-19ED8FE44BA1}.Release|x86.ActiveCfg = Release|Any CPU
		{2B6D2036-9880-47AF-9693-19ED8FE44BA1}.Release|x86.Build.0 = Release|Any CPU
		{AED0D4F7-5550-49B0-BFE7-FACAC86EDB42}.Debug|Any CPU.ActiveCfg = Debug|Any CPU
		{AED0D4F7-5550-49B0-BFE7-FACAC86EDB42}.Debug|Any CPU.Build.0 = Debug|Any CPU
		{AED0D4F7-5550-49B0-BFE7-FACAC86EDB42}.Debug|x64.ActiveCfg = Debug|Any CPU
		{AED0D4F7-5550-49B0-BFE7-FACAC86EDB42}.Debug|x64.Build.0 = Debug|Any CPU
		{AED0D4F7-5550-49B0-BFE7-FACAC86EDB42}.Debug|x86.ActiveCfg = Debug|Any CPU
		{AED0D4F7-5550-49B0-BFE7-FACAC86EDB42}.Debug|x86.Build.0 = Debug|Any CPU
		{AED0D4F7-5550-49B0-BFE7-FACAC86EDB42}.Release|Any CPU.ActiveCfg = Release|Any CPU
		{AED0D4F7-5550-49B0-BFE7-FACAC86EDB42}.Release|Any CPU.Build.0 = Release|Any CPU
		{AED0D4F7-5550-49B0-BFE7-FACAC86EDB42}.Release|x64.ActiveCfg = Release|Any CPU
		{AED0D4F7-5550-49B0-BFE7-FACAC86EDB42}.Release|x64.Build.0 = Release|Any CPU
		{AED0D4F7-5550-49B0-BFE7-FACAC86EDB42}.Release|x86.ActiveCfg = Release|Any CPU
		{AED0D4F7-5550-49B0-BFE7-FACAC86EDB42}.Release|x86.Build.0 = Release|Any CPU
	EndGlobalSection
	GlobalSection(SolutionProperties) = preSolution
		HideSolutionNode = FALSE
	EndGlobalSection
	GlobalSection(NestedProjects) = preSolution
		{091257A0-DCBC-4693-B427-1375944B7978} = {827E0CD3-B72D-47B6-A68D-7590B98EB39B}
		{7A75F0E5-627E-4B2D-9D8B-8341220425BD} = {827E0CD3-B72D-47B6-A68D-7590B98EB39B}
		{C018C0EC-2F78-4FD0-995A-0BF55C6BCAB3} = {827E0CD3-B72D-47B6-A68D-7590B98EB39B}
		{84E33B7C-7E47-451C-93F6-E492035A8157} = {827E0CD3-B72D-47B6-A68D-7590B98EB39B}
		{AAE8C353-7DEE-435E-B525-01B363BF3467} = {0AB3BF05-4346-4AA6-1389-037BE0695223}
		{6872DAF1-15F0-4E8E-BD38-BD52B0C68769} = {0AB3BF05-4346-4AA6-1389-037BE0695223}
		{0F42E031-E415-48F2-B53D-A4D05E8F8576} = {0AB3BF05-4346-4AA6-1389-037BE0695223}
		{2B6D2036-9880-47AF-9693-19ED8FE44BA1} = {0AB3BF05-4346-4AA6-1389-037BE0695223}
		{AED0D4F7-5550-49B0-BFE7-FACAC86EDB42} = {0AB3BF05-4346-4AA6-1389-037BE0695223}
	EndGlobalSection
EndGlobal
