
Microsoft Visual Studio Solution File, Format Version 12.00
# Visual Studio Version 17
VisualStudioVersion = 17.0.31903.59
MinimumVisualStudioVersion = 10.0.40219.1
Project("{2150E333-8FDC-42A3-9474-1A3956D46DE8}") = "src", "src", "{827E0CD3-B72D-47B6-A68D-7590B98EB39B}"
EndProject
Project("{FAE04EC0-301F-11D3-BF4B-00C04F79EFBC}") = "NanoPic.App", "src\NanoPic.App\NanoPic.App.csproj", "{091257A0-DCBC-4693-B427-1375944B7978}"
EndProject
Project("{FAE04EC0-301F-11D3-BF4B-00C04F79EFBC}") = "NanoPic.Core", "src\NanoPic.Core\NanoPic.Core.csproj", "{7A75F0E5-627E-4B2D-9D8B-8341220425BD}"
EndProject
Project("{FAE04EC0-301F-11D3-BF4B-00C04F79EFBC}") = "NanoPic.Codecs", "src\NanoPic.Codecs\NanoPic.Codecs.csproj", "{C018C0EC-2F78-4FD0-995A-0BF55C6BCAB3}"
EndProject
Project("{FAE04EC0-301F-11D3-BF4B-00C04F79EFBC}") = "NanoPic.Infrastructure", "src\NanoPic.Infrastructure\NanoPic.Infrastructure.csproj", "{84E33B7C-7E47-451C-93F6-E492035A8157}"
EndProject
Global
	GlobalSection(SolutionConfigurationPlatforms) = preSolution
		Debug|Any CPU = Debug|Any CPU
		Debug|x64 = Debug|x64
		Debug|x86 = Debug|x86
		Release|Any CPU = Release|Any CPU
		Release|x64 = Release|x64
		Release|x86 = Release|x86
	EndGlobalSection
	GlobalSection(ProjectConfigurationPlatforms) = postSolution
		{091257A0-DCBC-4693-B427-1375944B7978}.Debug|Any CPU.ActiveCfg = Debug|Any CPU
		{091257A0-DCBC-4693-B427-1375944B7978}.Debug|Any CPU.Build.0 = Debug|Any CPU
		{091257A0-DCBC-4693-B427-1375944B7978}.Debug|x64.ActiveCfg = Debug|Any CPU
		{091257A0-DCBC-4693-B427-1375944B7978}.Debug|x64.Build.0 = Debug|Any CPU
		{091257A0-DCBC-4693-B427-1375944B7978}.Debug|x86.ActiveCfg = Debug|Any CPU
		{091257A0-DCBC-4693-B427-1375944B7978}.Debug|x86.Build.0 = Debug|Any CPU
		{091257A0-DCBC-4693-B427-1375944B7978}.Release|Any CPU.ActiveCfg = Release|Any CPU
		{091257A0-DCBC-4693-B427-1375944B7978}.Release|Any CPU.Build.0 = Release|Any CPU
		{091257A0-DCBC-4693-B427-1375944B7978}.Release|x64.ActiveCfg = Release|Any CPU
		{091257A0-DCBC-4693-B427-1375944B7978}.Release|x64.Build.0 = Release|Any CPU
		{091257A0-DCBC-4693-B427-1375944B7978}.Release|x86.ActiveCfg = Release|Any CPU
		{091257A0-DCBC-4693-B427-1375944B7978}.Release|x86.Build.0 = Release|Any CPU
		{7A75F0E5-627E-4B2D-9D8B-8341220425BD}.Debug|Any CPU.ActiveCfg = Debug|Any CPU
		{7A75F0E5-627E-4B2D-9D8B-8341220425BD}.Debug|Any CPU.Build.0 = Debug|Any CPU
		{7A75F0E5-627E-4B2D-9D8B-8341220425BD}.Debug|x64.ActiveCfg = Debug|Any CPU
		{7A75F0E5-627E-4B2D-9D8B-8341220425BD}.Debug|x64.Build.0 = Debug|Any CPU
		{7A75F0E5-627E-4B2D-9D8B-8341220425BD}.Debug|x86.ActiveCfg = Debug|Any CPU
		{7A75F0E5-627E-4B2D-9D8B-8341220425BD}.Debug|x86.Build.0 = Debug|Any CPU
		{7A75F0E5-627E-4B2D-9D8B-8341220425BD}.Release|Any CPU.ActiveCfg = Release|Any CPU
		{7A75F0E5-627E-4B2D-9D8B-8341220425BD}.Release|Any CPU.Build.0 = Release|Any CPU
		{7A75F0E5-627E-4B2D-9D8B-8341220425BD}.Release|x64.ActiveCfg = Release|Any CPU
		{7A75F0E5-627E-4B2D-9D8B-8341220425BD}.Release|x64.Build.0 = Release|Any CPU
		{7A75F0E5-627E-4B2D-9D8B-8341220425BD}.Release|x86.ActiveCfg = Release|Any CPU
		{7A75F0E5-627E-4B2D-9D8B-8341220425BD}.Release|x86.Build.0 = Release|Any CPU
		{C018C0EC-2F78-4FD0-995A-0BF55C6BCAB3}.Debug|Any CPU.ActiveCfg = Debug|Any CPU
		{C018C0EC-2F78-4FD0-995A-0BF55C6BCAB3}.Debug|Any CPU.Build.0 = Debug|Any CPU
		{C018C0EC-2F78-4FD0-995A-0BF55C6BCAB3}.Debug|x64.ActiveCfg = Debug|Any CPU
		{C018C0EC-2F78-4FD0-995A-0BF55C6BCAB3}.Debug|x64.Build.0 = Debug|Any CPU
		{C018C0EC-2F78-4FD0-995A-0BF55C6BCAB3}.Debug|x86.ActiveCfg = Debug|Any CPU
		{C018C0EC-2F78-4FD0-995A-0BF55C6BCAB3}.Debug|x86.Build.0 = Debug|Any CPU
		{C018C0EC-2F78-4FD0-995A-0BF55C6BCAB3}.Release|Any CPU.ActiveCfg = Release|Any CPU
		{C018C0EC-2F78-4FD0-995A-0BF55C6BCAB3}.Release|Any CPU.Build.0 = Release|Any CPU
		{C018C0EC-2F78-4FD0-995A-0BF55C6BCAB3}.Release|x64.ActiveCfg = Release|Any CPU
		{C018C0EC-2F78-4FD0-995A-0BF55C6BCAB3}.Release|x64.Build.0 = Release|Any CPU
		{C018C0EC-2F78-4FD0-995A-0BF55C6BCAB3}.Release|x86.ActiveCfg = Release|Any CPU
		{C018C0EC-2F78-4FD0-995A-0BF55C6BCAB3}.Release|x86.Build.0 = Release|Any CPU
		{84E33B7C-7E47-451C-93F6-E492035A8157}.Debug|Any CPU.ActiveCfg = Debug|Any CPU
		{84E33B7C-7E47-451C-93F6-E492035A8157}.Debug|Any CPU.Build.0 = Debug|Any CPU
		{84E33B7C-7E47-451C-93F6-E492035A8157}.Debug|x64.ActiveCfg = Debug|Any CPU
		{84E33B7C-7E47-451C-93F6-E492035A8157}.Debug|x64.Build.0 = Debug|Any CPU
		{84E33B7C-7E47-451C-93F6-E492035A8157}.Debug|x86.ActiveCfg = Debug|Any CPU
		{84E33B7C-7E47-451C-93F6-E492035A8157}.Debug|x86.Build.0 = Debug|Any CPU
		{84E33B7C-7E47-451C-93F6-E492035A8157}.Release|Any CPU.ActiveCfg = Release|Any CPU
		{84E33B7C-7E47-451C-93F6-E492035A8157}.Release|Any CPU.Build.0 = Release|Any CPU
		{84E33B7C-7E47-451C-93F6-E492035A8157}.Release|x64.ActiveCfg = Release|Any CPU
		{84E33B7C-7E47-451C-93F6-E492035A8157}.Release|x64.Build.0 = Release|Any CPU
		{84E33B7C-7E47-451C-93F6-E492035A8157}.Release|x86.ActiveCfg = Release|Any CPU
		{84E33B7C-7E47-451C-93F6-E492035A8157}.Release|x86.Build.0 = Release|Any CPU
	EndGlobalSection
	GlobalSection(SolutionProperties) = preSolution
		HideSolutionNode = FALSE
	EndGlobalSection
	GlobalSection(NestedProjects) = preSolution
		{091257A0-DCBC-4693-B427-1375944B7978} = {827E0CD3-B72D-47B6-A68D-7590B98EB39B}
		{7A75F0E5-627E-4B2D-9D8B-8341220425BD} = {827E0CD3-B72D-47B6-A68D-7590B98EB39B}
		{C018C0EC-2F78-4FD0-995A-0BF55C6BCAB3} = {827E0CD3-B72D-47B6-A68D-7590B98EB39B}
		{84E33B7C-7E47-451C-93F6-E492035A8157} = {827E0CD3-B72D-47B6-A68D-7590B98EB39B}
	EndGlobalSection
EndGlobal
